// !$*UTF8*$!
{
	archiveVersion = 1;
	classes = {
	};
	objectVersion = 46;
	objects = {

/* Begin PBXBuildFile section */
		0305D1261CF7BE4200C5F80D /* FilterViewController.swift in Sources */ = {isa = PBXBuildFile; fileRef = 0305D1251CF7BE4200C5F80D /* FilterViewController.swift */; };
		03270CBA1CF7491400445517 /* Tour.swift in Sources */ = {isa = PBXBuildFile; fileRef = 03270CB91CF7491400445517 /* Tour.swift */; };
		03270CBC1CF74E9C00445517 /* Review.swift in Sources */ = {isa = PBXBuildFile; fileRef = 03270CBB1CF74E9C00445517 /* Review.swift */; };
		039A460A1CF73D22007E0023 /* AppDelegate.swift in Sources */ = {isa = PBXBuildFile; fileRef = 039A46091CF73D22007E0023 /* AppDelegate.swift */; };
		039A460C1CF73D22007E0023 /* ReviewsViewController.swift in Sources */ = {isa = PBXBuildFile; fileRef = 039A460B1CF73D22007E0023 /* ReviewsViewController.swift */; };
		039A460F1CF73D22007E0023 /* Main.storyboard in Resources */ = {isa = PBXBuildFile; fileRef = 039A460D1CF73D22007E0023 /* Main.storyboard */; };
		039A46111CF73D22007E0023 /* Assets.xcassets in Resources */ = {isa = PBXBuildFile; fileRef = 039A46101CF73D22007E0023 /* Assets.xcassets */; };
		039A46141CF73D22007E0023 /* LaunchScreen.storyboard in Resources */ = {isa = PBXBuildFile; fileRef = 039A46121CF73D22007E0023 /* LaunchScreen.storyboard */; };
		039A461F1CF73D22007E0023 /* PopularToursTests.swift in Sources */ = {isa = PBXBuildFile; fileRef = 039A461E1CF73D22007E0023 /* PopularToursTests.swift */; };
		039A462A1CF73F2B007E0023 /* README.md in Sources */ = {isa = PBXBuildFile; fileRef = 039A46291CF73F2B007E0023 /* README.md */; };
		039A462C1CF73F99007E0023 /* ApiManager.swift in Sources */ = {isa = PBXBuildFile; fileRef = 039A462B1CF73F99007E0023 /* ApiManager.swift */; };
		039A462E1CF74053007E0023 /* NetworkManager.swift in Sources */ = {isa = PBXBuildFile; fileRef = 039A462D1CF74053007E0023 /* NetworkManager.swift */; };
		03CAE4491CF76E5A000D2D2B /* ReviewsDataSourse.swift in Sources */ = {isa = PBXBuildFile; fileRef = 03CAE4481CF76E5A000D2D2B /* ReviewsDataSourse.swift */; };
		03CAE44C1CF7712B000D2D2B /* ReviewCell.swift in Sources */ = {isa = PBXBuildFile; fileRef = 03CAE44B1CF7712B000D2D2B /* ReviewCell.swift */; };
		274562449F2D6FAEAA3758CD /* Pods_PopularTours.framework in Frameworks */ = {isa = PBXBuildFile; fileRef = 813F3D6A8603E225A3366ACF /* Pods_PopularTours.framework */; };
		BCDA736D99569524E47D2D18 /* Pods_PopularToursTests.framework in Frameworks */ = {isa = PBXBuildFile; fileRef = 5BB318393C570FBB9BFF224E /* Pods_PopularToursTests.framework */; };
/* End PBXBuildFile section */

/* Begin PBXContainerItemProxy section */
		039A461B1CF73D22007E0023 /* PBXContainerItemProxy */ = {
			isa = PBXContainerItemProxy;
			containerPortal = 039A45FE1CF73D22007E0023 /* Project object */;
			proxyType = 1;
			remoteGlobalIDString = 039A46051CF73D22007E0023;
			remoteInfo = PopularTours;
		};
/* End PBXContainerItemProxy section */

/* Begin PBXFileReference section */
		0305D1251CF7BE4200C5F80D /* FilterViewController.swift */ = {isa = PBXFileReference; fileEncoding = 4; lastKnownFileType = sourcecode.swift; path = FilterViewController.swift; sourceTree = "<group>"; };
		03270CB91CF7491400445517 /* Tour.swift */ = {isa = PBXFileReference; fileEncoding = 4; lastKnownFileType = sourcecode.swift; path = Tour.swift; sourceTree = "<group>"; };
		03270CBB1CF74E9C00445517 /* Review.swift */ = {isa = PBXFileReference; fileEncoding = 4; lastKnownFileType = sourcecode.swift; path = Review.swift; sourceTree = "<group>"; };
		039A46061CF73D22007E0023 /* PopularTours.app */ = {isa = PBXFileReference; explicitFileType = wrapper.application; includeInIndex = 0; path = PopularTours.app; sourceTree = BUILT_PRODUCTS_DIR; };
		039A46091CF73D22007E0023 /* AppDelegate.swift */ = {isa = PBXFileReference; lastKnownFileType = sourcecode.swift; path = AppDelegate.swift; sourceTree = "<group>"; };
		039A460B1CF73D22007E0023 /* ReviewsViewController.swift */ = {isa = PBXFileReference; lastKnownFileType = sourcecode.swift; path = ReviewsViewController.swift; sourceTree = "<group>"; };
		039A460E1CF73D22007E0023 /* Base */ = {isa = PBXFileReference; lastKnownFileType = file.storyboard; name = Base; path = Base.lproj/Main.storyboard; sourceTree = "<group>"; };
		039A46101CF73D22007E0023 /* Assets.xcassets */ = {isa = PBXFileReference; lastKnownFileType = folder.assetcatalog; path = Assets.xcassets; sourceTree = "<group>"; };
		039A46131CF73D22007E0023 /* Base */ = {isa = PBXFileReference; lastKnownFileType = file.storyboard; name = Base; path = Base.lproj/LaunchScreen.storyboard; sourceTree = "<group>"; };
		039A46151CF73D22007E0023 /* Info.plist */ = {isa = PBXFileReference; lastKnownFileType = text.plist.xml; path = Info.plist; sourceTree = "<group>"; };
		039A461A1CF73D22007E0023 /* PopularToursTests.xctest */ = {isa = PBXFileReference; explicitFileType = wrapper.cfbundle; includeInIndex = 0; path = PopularToursTests.xctest; sourceTree = BUILT_PRODUCTS_DIR; };
		039A461E1CF73D22007E0023 /* PopularToursTests.swift */ = {isa = PBXFileReference; lastKnownFileType = sourcecode.swift; path = PopularToursTests.swift; sourceTree = "<group>"; };
		039A46201CF73D22007E0023 /* Info.plist */ = {isa = PBXFileReference; lastKnownFileType = text.plist.xml; path = Info.plist; sourceTree = "<group>"; };
		039A46291CF73F2B007E0023 /* README.md */ = {isa = PBXFileReference; fileEncoding = 4; lastKnownFileType = net.daringfireball.markdown; path = README.md; sourceTree = "<group>"; };
		039A462B1CF73F99007E0023 /* ApiManager.swift */ = {isa = PBXFileReference; fileEncoding = 4; lastKnownFileType = sourcecode.swift; path = ApiManager.swift; sourceTree = "<group>"; };
		039A462D1CF74053007E0023 /* NetworkManager.swift */ = {isa = PBXFileReference; fileEncoding = 4; lastKnownFileType = sourcecode.swift; path = NetworkManager.swift; sourceTree = "<group>"; };
		03CAE4481CF76E5A000D2D2B /* ReviewsDataSourse.swift */ = {isa = PBXFileReference; fileEncoding = 4; lastKnownFileType = sourcecode.swift; path = ReviewsDataSourse.swift; sourceTree = "<group>"; };
		03CAE44B1CF7712B000D2D2B /* ReviewCell.swift */ = {isa = PBXFileReference; fileEncoding = 4; lastKnownFileType = sourcecode.swift; path = ReviewCell.swift; sourceTree = "<group>"; };
		40DBA0131203E9701588738E /* Pods-PopularToursTests.debug.xcconfig */ = {isa = PBXFileReference; includeInIndex = 1; lastKnownFileType = text.xcconfig; name = "Pods-PopularToursTests.debug.xcconfig"; path = "Pods/Target Support Files/Pods-PopularToursTests/Pods-PopularToursTests.debug.xcconfig"; sourceTree = "<group>"; };
		5BB318393C570FBB9BFF224E /* Pods_PopularToursTests.framework */ = {isa = PBXFileReference; explicitFileType = wrapper.framework; includeInIndex = 0; path = Pods_PopularToursTests.framework; sourceTree = BUILT_PRODUCTS_DIR; };
		635FF0F1EF49CE8D211CFBDE /* Pods-PopularTours.release.xcconfig */ = {isa = PBXFileReference; includeInIndex = 1; lastKnownFileType = text.xcconfig; name = "Pods-PopularTours.release.xcconfig"; path = "Pods/Target Support Files/Pods-PopularTours/Pods-PopularTours.release.xcconfig"; sourceTree = "<group>"; };
		813F3D6A8603E225A3366ACF /* Pods_PopularTours.framework */ = {isa = PBXFileReference; explicitFileType = wrapper.framework; includeInIndex = 0; path = Pods_PopularTours.framework; sourceTree = BUILT_PRODUCTS_DIR; };
		9DB0AE0C05B94313BB1B78EB /* Pods-PopularToursTests.release.xcconfig */ = {isa = PBXFileReference; includeInIndex = 1; lastKnownFileType = text.xcconfig; name = "Pods-PopularToursTests.release.xcconfig"; path = "Pods/Target Support Files/Pods-PopularToursTests/Pods-PopularToursTests.release.xcconfig"; sourceTree = "<group>"; };
		FE7C0847D96C0B6BC4652047 /* Pods-PopularTours.debug.xcconfig */ = {isa = PBXFileReference; includeInIndex = 1; lastKnownFileType = text.xcconfig; name = "Pods-PopularTours.debug.xcconfig"; path = "Pods/Target Support Files/Pods-PopularTours/Pods-PopularTours.debug.xcconfig"; sourceTree = "<group>"; };
/* End PBXFileReference section */

/* Begin PBXFrameworksBuildPhase section */
		039A46031CF73D22007E0023 /* Frameworks */ = {
			isa = PBXFrameworksBuildPhase;
			buildActionMask = 2147483647;
			files = (
				274562449F2D6FAEAA3758CD /* Pods_PopularTours.framework in Frameworks */,
			);
			runOnlyForDeploymentPostprocessing = 0;
		};
		039A46171CF73D22007E0023 /* Frameworks */ = {
			isa = PBXFrameworksBuildPhase;
			buildActionMask = 2147483647;
			files = (
				BCDA736D99569524E47D2D18 /* Pods_PopularToursTests.framework in Frameworks */,
			);
			runOnlyForDeploymentPostprocessing = 0;
		};
/* End PBXFrameworksBuildPhase section */

/* Begin PBXGroup section */
		0307CF891CF76A9800099201 /* Managers */ = {
			isa = PBXGroup;
			children = (
				039A462B1CF73F99007E0023 /* ApiManager.swift */,
				039A462D1CF74053007E0023 /* NetworkManager.swift */,
			);
			name = Managers;
			path = Controllers;
			sourceTree = "<group>";
		};
		03270CBD1CF7670100445517 /* Sources */ = {
			isa = PBXGroup;
			children = (
				0307CF891CF76A9800099201 /* Managers */,
				03270CC01CF7676F00445517 /* Models */,
				03CAE44A1CF77114000D2D2B /* Views */,
				03270CBF1CF7676700445517 /* Controllers */,
				039A46091CF73D22007E0023 /* AppDelegate.swift */,
			);
			path = Sources;
			sourceTree = "<group>";
		};
		03270CBE1CF7670B00445517 /* Resources */ = {
			isa = PBXGroup;
			children = (
				039A46101CF73D22007E0023 /* Assets.xcassets */,
				039A46151CF73D22007E0023 /* Info.plist */,
				039A46121CF73D22007E0023 /* LaunchScreen.storyboard */,
				039A460D1CF73D22007E0023 /* Main.storyboard */,
			);
			path = Resources;
			sourceTree = "<group>";
		};
		03270CBF1CF7676700445517 /* Controllers */ = {
			isa = PBXGroup;
			children = (
				039A460B1CF73D22007E0023 /* ReviewsViewController.swift */,
				03CAE4481CF76E5A000D2D2B /* ReviewsDataSourse.swift */,
				0305D1251CF7BE4200C5F80D /* FilterViewController.swift */,
			);
			path = Controllers;
			sourceTree = "<group>";
		};
		03270CC01CF7676F00445517 /* Models */ = {
			isa = PBXGroup;
			children = (
				03270CB91CF7491400445517 /* Tour.swift */,
				03270CBB1CF74E9C00445517 /* Review.swift */,
			);
			path = Models;
			sourceTree = "<group>";
		};
		039A45FD1CF73D22007E0023 = {
			isa = PBXGroup;
			children = (
				039A46081CF73D22007E0023 /* PopularTours */,
				039A461D1CF73D22007E0023 /* PopularToursTests */,
				039A46071CF73D22007E0023 /* Products */,
				102ABDDB4344D55DFDB84E8A /* Frameworks */,
				2B943C8DB062412BB1148662 /* Pods */,
				039A46291CF73F2B007E0023 /* README.md */,
			);
			sourceTree = "<group>";
		};
		039A46071CF73D22007E0023 /* Products */ = {
			isa = PBXGroup;
			children = (
				039A46061CF73D22007E0023 /* PopularTours.app */,
				039A461A1CF73D22007E0023 /* PopularToursTests.xctest */,
			);
			name = Products;
			sourceTree = "<group>";
		};
		039A46081CF73D22007E0023 /* PopularTours */ = {
			isa = PBXGroup;
			children = (
				03270CBD1CF7670100445517 /* Sources */,
				03270CBE1CF7670B00445517 /* Resources */,
			);
			path = PopularTours;
			sourceTree = "<group>";
		};
		039A461D1CF73D22007E0023 /* PopularToursTests */ = {
			isa = PBXGroup;
			children = (
				039A46201CF73D22007E0023 /* Info.plist */,
				039A461E1CF73D22007E0023 /* PopularToursTests.swift */,
			);
			path = PopularToursTests;
			sourceTree = "<group>";
		};
		03CAE44A1CF77114000D2D2B /* Views */ = {
			isa = PBXGroup;
			children = (
				03CAE44B1CF7712B000D2D2B /* ReviewCell.swift */,
			);
			name = Views;
			sourceTree = "<group>";
		};
		102ABDDB4344D55DFDB84E8A /* Frameworks */ = {
			isa = PBXGroup;
			children = (
				813F3D6A8603E225A3366ACF /* Pods_PopularTours.framework */,
				5BB318393C570FBB9BFF224E /* Pods_PopularToursTests.framework */,
			);
			name = Frameworks;
			sourceTree = "<group>";
		};
		2B943C8DB062412BB1148662 /* Pods */ = {
			isa = PBXGroup;
			children = (
				FE7C0847D96C0B6BC4652047 /* Pods-PopularTours.debug.xcconfig */,
				635FF0F1EF49CE8D211CFBDE /* Pods-PopularTours.release.xcconfig */,
				40DBA0131203E9701588738E /* Pods-PopularToursTests.debug.xcconfig */,
				9DB0AE0C05B94313BB1B78EB /* Pods-PopularToursTests.release.xcconfig */,
			);
			name = Pods;
			sourceTree = "<group>";
		};
/* End PBXGroup section */

/* Begin PBXNativeTarget section */
		039A46051CF73D22007E0023 /* PopularTours */ = {
			isa = PBXNativeTarget;
			buildConfigurationList = 039A46231CF73D22007E0023 /* Build configuration list for PBXNativeTarget "PopularTours" */;
			buildPhases = (
				57AC185AC329D3D884C9DB9A /* 📦 Check Pods Manifest.lock */,
				039A46021CF73D22007E0023 /* Sources */,
				039A46031CF73D22007E0023 /* Frameworks */,
				039A46041CF73D22007E0023 /* Resources */,
				9D5D8FAF00B0CCEBD752AD2F /* 📦 Embed Pods Frameworks */,
				5E9F95E7A8E11BC30734B002 /* 📦 Copy Pods Resources */,
			);
			buildRules = (
			);
			dependencies = (
			);
			name = PopularTours;
			productName = PopularTours;
			productReference = 039A46061CF73D22007E0023 /* PopularTours.app */;
			productType = "com.apple.product-type.application";
		};
		039A46191CF73D22007E0023 /* PopularToursTests */ = {
			isa = PBXNativeTarget;
			buildConfigurationList = 039A46261CF73D22007E0023 /* Build configuration list for PBXNativeTarget "PopularToursTests" */;
			buildPhases = (
				8D68B599CD6D5C8209FE4283 /* 📦 Check Pods Manifest.lock */,
				039A46161CF73D22007E0023 /* Sources */,
				039A46171CF73D22007E0023 /* Frameworks */,
				039A46181CF73D22007E0023 /* Resources */,
				CA700BBBD01659C2CEA0F38A /* 📦 Embed Pods Frameworks */,
				8E4A8B551E2809A4A1D96E97 /* 📦 Copy Pods Resources */,
			);
			buildRules = (
			);
			dependencies = (
				039A461C1CF73D22007E0023 /* PBXTargetDependency */,
			);
			name = PopularToursTests;
			productName = PopularToursTests;
			productReference = 039A461A1CF73D22007E0023 /* PopularToursTests.xctest */;
			productType = "com.apple.product-type.bundle.unit-test";
		};
/* End PBXNativeTarget section */

/* Begin PBXProject section */
		039A45FE1CF73D22007E0023 /* Project object */ = {
			isa = PBXProject;
			attributes = {
				LastSwiftUpdateCheck = 0730;
				LastUpgradeCheck = 0730;
				ORGANIZATIONNAME = m4rr;
				TargetAttributes = {
					039A46051CF73D22007E0023 = {
						CreatedOnToolsVersion = 7.3.1;
					};
					039A46191CF73D22007E0023 = {
						CreatedOnToolsVersion = 7.3.1;
						TestTargetID = 039A46051CF73D22007E0023;
					};
				};
			};
			buildConfigurationList = 039A46011CF73D22007E0023 /* Build configuration list for PBXProject "PopularTours" */;
			compatibilityVersion = "Xcode 3.2";
			developmentRegion = English;
			hasScannedForEncodings = 0;
			knownRegions = (
				en,
				Base,
			);
			mainGroup = 039A45FD1CF73D22007E0023;
			productRefGroup = 039A46071CF73D22007E0023 /* Products */;
			projectDirPath = "";
			projectRoot = "";
			targets = (
				039A46051CF73D22007E0023 /* PopularTours */,
				039A46191CF73D22007E0023 /* PopularToursTests */,
			);
		};
/* End PBXProject section */

/* Begin PBXResourcesBuildPhase section */
		039A46041CF73D22007E0023 /* Resources */ = {
			isa = PBXResourcesBuildPhase;
			buildActionMask = 2147483647;
			files = (
				039A46141CF73D22007E0023 /* LaunchScreen.storyboard in Resources */,
				039A46111CF73D22007E0023 /* Assets.xcassets in Resources */,
				039A460F1CF73D22007E0023 /* Main.storyboard in Resources */,
			);
			runOnlyForDeploymentPostprocessing = 0;
		};
		039A46181CF73D22007E0023 /* Resources */ = {
			isa = PBXResourcesBuildPhase;
			buildActionMask = 2147483647;
			files = (
			);
			runOnlyForDeploymentPostprocessing = 0;
		};
/* End PBXResourcesBuildPhase section */

/* Begin PBXShellScriptBuildPhase section */
		57AC185AC329D3D884C9DB9A /* 📦 Check Pods Manifest.lock */ = {
			isa = PBXShellScriptBuildPhase;
			buildActionMask = 2147483647;
			files = (
			);
			inputPaths = (
			);
			name = "📦 Check Pods Manifest.lock";
			outputPaths = (
			);
			runOnlyForDeploymentPostprocessing = 0;
			shellPath = /bin/sh;
			shellScript = "diff \"${PODS_ROOT}/../Podfile.lock\" \"${PODS_ROOT}/Manifest.lock\" > /dev/null\nif [[ $? != 0 ]] ; then\n    cat << EOM\nerror: The sandbox is not in sync with the Podfile.lock. Run 'pod install' or update your CocoaPods installation.\nEOM\n    exit 1\nfi\n";
			showEnvVarsInLog = 0;
		};
		5E9F95E7A8E11BC30734B002 /* 📦 Copy Pods Resources */ = {
			isa = PBXShellScriptBuildPhase;
			buildActionMask = 2147483647;
			files = (
			);
			inputPaths = (
			);
			name = "📦 Copy Pods Resources";
			outputPaths = (
			);
			runOnlyForDeploymentPostprocessing = 0;
			shellPath = /bin/sh;
			shellScript = "\"${SRCROOT}/Pods/Target Support Files/Pods-PopularTours/Pods-PopularTours-resources.sh\"\n";
			showEnvVarsInLog = 0;
		};
		8D68B599CD6D5C8209FE4283 /* 📦 Check Pods Manifest.lock */ = {
			isa = PBXShellScriptBuildPhase;
			buildActionMask = 2147483647;
			files = (
			);
			inputPaths = (
			);
			name = "📦 Check Pods Manifest.lock";
			outputPaths = (
			);
			runOnlyForDeploymentPostprocessing = 0;
			shellPath = /bin/sh;
			shellScript = "diff \"${PODS_ROOT}/../Podfile.lock\" \"${PODS_ROOT}/Manifest.lock\" > /dev/null\nif [[ $? != 0 ]] ; then\n    cat << EOM\nerror: The sandbox is not in sync with the Podfile.lock. Run 'pod install' or update your CocoaPods installation.\nEOM\n    exit 1\nfi\n";
			showEnvVarsInLog = 0;
		};
		8E4A8B551E2809A4A1D96E97 /* 📦 Copy Pods Resources */ = {
			isa = PBXShellScriptBuildPhase;
			buildActionMask = 2147483647;
			files = (
			);
			inputPaths = (
			);
			name = "📦 Copy Pods Resources";
			outputPaths = (
			);
			runOnlyForDeploymentPostprocessing = 0;
			shellPath = /bin/sh;
			shellScript = "\"${SRCROOT}/Pods/Target Support Files/Pods-PopularToursTests/Pods-PopularToursTests-resources.sh\"\n";
			showEnvVarsInLog = 0;
		};
		9D5D8FAF00B0CCEBD752AD2F /* 📦 Embed Pods Frameworks */ = {
			isa = PBXShellScriptBuildPhase;
			buildActionMask = 2147483647;
			files = (
			);
			inputPaths = (
			);
			name = "📦 Embed Pods Frameworks";
			outputPaths = (
			);
			runOnlyForDeploymentPostprocessing = 0;
			shellPath = /bin/sh;
			shellScript = "\"${SRCROOT}/Pods/Target Support Files/Pods-PopularTours/Pods-PopularTours-frameworks.sh\"\n";
			showEnvVarsInLog = 0;
		};
		CA700BBBD01659C2CEA0F38A /* 📦 Embed Pods Frameworks */ = {
			isa = PBXShellScriptBuildPhase;
			buildActionMask = 2147483647;
			files = (
			);
			inputPaths = (
			);
			name = "📦 Embed Pods Frameworks";
			outputPaths = (
			);
			runOnlyForDeploymentPostprocessing = 0;
			shellPath = /bin/sh;
			shellScript = "\"${SRCROOT}/Pods/Target Support Files/Pods-PopularToursTests/Pods-PopularToursTests-frameworks.sh\"\n";
			showEnvVarsInLog = 0;
		};
/* End PBXShellScriptBuildPhase section */

/* Begin PBXSourcesBuildPhase section */
		039A46021CF73D22007E0023 /* Sources */ = {
			isa = PBXSourcesBuildPhase;
			buildActionMask = 2147483647;
			files = (
				039A462C1CF73F99007E0023 /* ApiManager.swift in Sources */,
				039A462A1CF73F2B007E0023 /* README.md in Sources */,
				03CAE4491CF76E5A000D2D2B /* ReviewsDataSourse.swift in Sources */,
				03270CBC1CF74E9C00445517 /* Review.swift in Sources */,
				0305D1261CF7BE4200C5F80D /* FilterViewController.swift in Sources */,
				03CAE44C1CF7712B000D2D2B /* ReviewCell.swift in Sources */,
				039A462E1CF74053007E0023 /* NetworkManager.swift in Sources */,
				03270CBA1CF7491400445517 /* Tour.swift in Sources */,
				039A460C1CF73D22007E0023 /* ReviewsViewController.swift in Sources */,
				039A460A1CF73D22007E0023 /* AppDelegate.swift in Sources */,
			);
			runOnlyForDeploymentPostprocessing = 0;
		};
		039A46161CF73D22007E0023 /* Sources */ = {
			isa = PBXSourcesBuildPhase;
			buildActionMask = 2147483647;
			files = (
				039A461F1CF73D22007E0023 /* PopularToursTests.swift in Sources */,
			);
			runOnlyForDeploymentPostprocessing = 0;
		};
/* End PBXSourcesBuildPhase section */

/* Begin PBXTargetDependency section */
		039A461C1CF73D22007E0023 /* PBXTargetDependency */ = {
			isa = PBXTargetDependency;
			target = 039A46051CF73D22007E0023 /* PopularTours */;
			targetProxy = 039A461B1CF73D22007E0023 /* PBXContainerItemProxy */;
		};
/* End PBXTargetDependency section */

/* Begin PBXVariantGroup section */
		039A460D1CF73D22007E0023 /* Main.storyboard */ = {
			isa = PBXVariantGroup;
			children = (
				039A460E1CF73D22007E0023 /* Base */,
			);
			name = Main.storyboard;
			path = .;
			sourceTree = "<group>";
		};
		039A46121CF73D22007E0023 /* LaunchScreen.storyboard */ = {
			isa = PBXVariantGroup;
			children = (
				039A46131CF73D22007E0023 /* Base */,
			);
			name = LaunchScreen.storyboard;
			path = .;
			sourceTree = "<group>";
		};
/* End PBXVariantGroup section */

/* Begin XCBuildConfiguration section */
		039A46211CF73D22007E0023 /* Debug */ = {
			isa = XCBuildConfiguration;
			buildSettings = {
				ALWAYS_SEARCH_USER_PATHS = NO;
				CLANG_ANALYZER_NONNULL = YES;
				CLANG_CXX_LANGUAGE_STANDARD = "gnu++0x";
				CLANG_CXX_LIBRARY = "libc++";
				CLANG_ENABLE_MODULES = YES;
				CLANG_ENABLE_OBJC_ARC = YES;
				CLANG_WARN_BOOL_CONVERSION = YES;
				CLANG_WARN_CONSTANT_CONVERSION = YES;
				CLANG_WARN_DIRECT_OBJC_ISA_USAGE = YES_ERROR;
				CLANG_WARN_EMPTY_BODY = YES;
				CLANG_WARN_ENUM_CONVERSION = YES;
				CLANG_WARN_INT_CONVERSION = YES;
				CLANG_WARN_OBJC_ROOT_CLASS = YES_ERROR;
				CLANG_WARN_UNREACHABLE_CODE = YES;
				CLANG_WARN__DUPLICATE_METHOD_MATCH = YES;
				"CODE_SIGN_IDENTITY[sdk=iphoneos*]" = "iPhone Developer";
				COPY_PHASE_STRIP = NO;
				DEBUG_INFORMATION_FORMAT = dwarf;
				ENABLE_STRICT_OBJC_MSGSEND = YES;
				ENABLE_TESTABILITY = YES;
				GCC_C_LANGUAGE_STANDARD = gnu99;
				GCC_DYNAMIC_NO_PIC = NO;
				GCC_NO_COMMON_BLOCKS = YES;
				GCC_OPTIMIZATION_LEVEL = 0;
				GCC_PREPROCESSOR_DEFINITIONS = (
					"DEBUG=1",
					"$(inherited)",
				);
				GCC_WARN_64_TO_32_BIT_CONVERSION = YES;
				GCC_WARN_ABOUT_RETURN_TYPE = YES_ERROR;
				GCC_WARN_UNDECLARED_SELECTOR = YES;
				GCC_WARN_UNINITIALIZED_AUTOS = YES_AGGRESSIVE;
				GCC_WARN_UNUSED_FUNCTION = YES;
				GCC_WARN_UNUSED_VARIABLE = YES;
				IPHONEOS_DEPLOYMENT_TARGET = 9.3;
				MTL_ENABLE_DEBUG_INFO = YES;
				ONLY_ACTIVE_ARCH = YES;
				SDKROOT = iphoneos;
				SWIFT_OPTIMIZATION_LEVEL = "-Onone";
			};
			name = Debug;
		};
		039A46221CF73D22007E0023 /* Release */ = {
			isa = XCBuildConfiguration;
			buildSettings = {
				ALWAYS_SEARCH_USER_PATHS = NO;
				CLANG_ANALYZER_NONNULL = YES;
				CLANG_CXX_LANGUAGE_STANDARD = "gnu++0x";
				CLANG_CXX_LIBRARY = "libc++";
				CLANG_ENABLE_MODULES = YES;
				CLANG_ENABLE_OBJC_ARC = YES;
				CLANG_WARN_BOOL_CONVERSION = YES;
				CLANG_WARN_CONSTANT_CONVERSION = YES;
				CLANG_WARN_DIRECT_OBJC_ISA_USAGE = YES_ERROR;
				CLANG_WARN_EMPTY_BODY = YES;
				CLANG_WARN_ENUM_CONVERSION = YES;
				CLANG_WARN_INT_CONVERSION = YES;
				CLANG_WARN_OBJC_ROOT_CLASS = YES_ERROR;
				CLANG_WARN_UNREACHABLE_CODE = YES;
				CLANG_WARN__DUPLICATE_METHOD_MATCH = YES;
				"CODE_SIGN_IDENTITY[sdk=iphoneos*]" = "iPhone Developer";
				COPY_PHASE_STRIP = NO;
				DEBUG_INFORMATION_FORMAT = "dwarf-with-dsym";
				ENABLE_NS_ASSERTIONS = NO;
				ENABLE_STRICT_OBJC_MSGSEND = YES;
				GCC_C_LANGUAGE_STANDARD = gnu99;
				GCC_NO_COMMON_BLOCKS = YES;
				GCC_WARN_64_TO_32_BIT_CONVERSION = YES;
				GCC_WARN_ABOUT_RETURN_TYPE = YES_ERROR;
				GCC_WARN_UNDECLARED_SELECTOR = YES;
				GCC_WARN_UNINITIALIZED_AUTOS = YES_AGGRESSIVE;
				GCC_WARN_UNUSED_FUNCTION = YES;
				GCC_WARN_UNUSED_VARIABLE = YES;
				IPHONEOS_DEPLOYMENT_TARGET = 9.3;
				MTL_ENABLE_DEBUG_INFO = NO;
				SDKROOT = iphoneos;
				VALIDATE_PRODUCT = YES;
			};
			name = Release;
		};
		039A46241CF73D22007E0023 /* Debug */ = {
			isa = XCBuildConfiguration;
			baseConfigurationReference = FE7C0847D96C0B6BC4652047 /* Pods-PopularTours.debug.xcconfig */;
			buildSettings = {
				ASSETCATALOG_COMPILER_APPICON_NAME = AppIcon;
				INFOPLIST_FILE = PopularTours/Resources/Info.plist;
				LD_RUNPATH_SEARCH_PATHS = "$(inherited) @executable_path/Frameworks";
				PRODUCT_BUNDLE_IDENTIFIER = com.m4rr.PopularTours;
				PRODUCT_NAME = "$(TARGET_NAME)";
			};
			name = Debug;
		};
		039A46251CF73D22007E0023 /* Release */ = {
			isa = XCBuildConfiguration;
			baseConfigurationReference = 635FF0F1EF49CE8D211CFBDE /* Pods-PopularTours.release.xcconfig */;
			buildSettings = {
				ASSETCATALOG_COMPILER_APPICON_NAME = AppIcon;
				INFOPLIST_FILE = PopularTours/Resources/Info.plist;
				LD_RUNPATH_SEARCH_PATHS = "$(inherited) @executable_path/Frameworks";
				PRODUCT_BUNDLE_IDENTIFIER = com.m4rr.PopularTours;
				PRODUCT_NAME = "$(TARGET_NAME)";
			};
			name = Release;
		};
		039A46271CF73D22007E0023 /* Debug */ = {
			isa = XCBuildConfiguration;
			baseConfigurationReference = 40DBA0131203E9701588738E /* Pods-PopularToursTests.debug.xcconfig */;
			buildSettings = {
				BUNDLE_LOADER = "$(TEST_HOST)";
				INFOPLIST_FILE = PopularToursTests/Info.plist;
				LD_RUNPATH_SEARCH_PATHS = "$(inherited) @executable_path/Frameworks @loader_path/Frameworks";
				PRODUCT_BUNDLE_IDENTIFIER = com.m4rr.PopularToursTests;
				PRODUCT_NAME = "$(TARGET_NAME)";
				TEST_HOST = "$(BUILT_PRODUCTS_DIR)/PopularTours.app/PopularTours";
			};
			name = Debug;
		};
		039A46281CF73D22007E0023 /* Release */ = {
			isa = XCBuildConfiguration;
			baseConfigurationReference = 9DB0AE0C05B94313BB1B78EB /* Pods-PopularToursTests.release.xcconfig */;
			buildSettings = {
				BUNDLE_LOADER = "$(TEST_HOST)";
				INFOPLIST_FILE = PopularToursTests/Info.plist;
				LD_RUNPATH_SEARCH_PATHS = "$(inherited) @executable_path/Frameworks @loader_path/Frameworks";
				PRODUCT_BUNDLE_IDENTIFIER = com.m4rr.PopularToursTests;
				PRODUCT_NAME = "$(TARGET_NAME)";
				TEST_HOST = "$(BUILT_PRODUCTS_DIR)/PopularTours.app/PopularTours";
			};
			name = Release;
		};
/* End XCBuildConfiguration section */

/* Begin XCConfigurationList section */
		039A46011CF73D22007E0023 /* Build configuration list for PBXProject "PopularTours" */ = {
			isa = XCConfigurationList;
			buildConfigurations = (
				039A46211CF73D22007E0023 /* Debug */,
				039A46221CF73D22007E0023 /* Release */,
			);
			defaultConfigurationIsVisible = 0;
			defaultConfigurationName = Release;
		};
		039A46231CF73D22007E0023 /* Build configuration list for PBXNativeTarget "PopularTours" */ = {
			isa = XCConfigurationList;
			buildConfigurations = (
				039A46241CF73D22007E0023 /* Debug */,
				039A46251CF73D22007E0023 /* Release */,
			);
			defaultConfigurationIsVisible = 0;
			defaultConfigurationName = Release;
		};
		039A46261CF73D22007E0023 /* Build configuration list for PBXNativeTarget "PopularToursTests" */ = {
			isa = XCConfigurationList;
			buildConfigurations = (
				039A46271CF73D22007E0023 /* Debug */,
				039A46281CF73D22007E0023 /* Release */,
			);
			defaultConfigurationIsVisible = 0;
			defaultConfigurationName = Release;
		};
/* End XCConfigurationList section */
	};
	rootObject = 039A45FE1CF73D22007E0023 /* Project object */;
}
