// !$*UTF8*$!
{
	archiveVersion = 1;
	classes = {
	};
	objectVersion = 46;
	objects = {

/* Begin PBXBuildFile section */
		039A460A1CF73D22007E0023 /* AppDelegate.swift in Sources */ = {isa = PBXBuildFile; fileRef = 039A46091CF73D22007E0023 /* AppDelegate.swift */; };
		039A460C1CF73D22007E0023 /* ViewController.swift in Sources */ = {isa = PBXBuildFile; fileRef = 039A460B1CF73D22007E0023 /* ViewController.swift */; };
		039A460F1CF73D22007E0023 /* Main.storyboard in Resources */ = {isa = PBXBuildFile; fileRef = 039A460D1CF73D22007E0023 /* Main.storyboard */; };
		039A46111CF73D22007E0023 /* Assets.xcassets in Resources */ = {isa = PBXBuildFile; fileRef = 039A46101CF73D22007E0023 /* Assets.xcassets */; };
		039A46141CF73D22007E0023 /* LaunchScreen.storyboard in Resources */ = {isa = PBXBuildFile; fileRef = 039A46121CF73D22007E0023 /* LaunchScreen.storyboard */; };
		039A461F1CF73D22007E0023 /* PopularToursTests.swift in Sources */ = {isa = PBXBuildFile; fileRef = 039A461E1CF73D22007E0023 /* PopularToursTests.swift */; };
/* End PBXBuildFile section */

/* Begin PBXContainerItemProxy section */
		039A461B1CF73D22007E0023 /* PBXContainerItemProxy */ = {
			isa = PBXContainerItemProxy;
			containerPortal = 039A45FE1CF73D22007E0023 /* Project object */;
			proxyType = 1;
			remoteGlobalIDString = 039A46051CF73D22007E0023;
			remoteInfo = PopularTours;
		};
/* End PBXContainerItemProxy section */

/* Begin PBXFileReference section */
		039A46061CF73D22007E0023 /* PopularTours.app */ = {isa = PBXFileReference; explicitFileType = wrapper.application; includeInIndex = 0; path = PopularTours.app; sourceTree = BUILT_PRODUCTS_DIR; };
		039A46091CF73D22007E0023 /* AppDelegate.swift */ = {isa = PBXFileReference; lastKnownFileType = sourcecode.swift; path = AppDelegate.swift; sourceTree = "<group>"; };
		039A460B1CF73D22007E0023 /* ViewController.swift */ = {isa = PBXFileReference; lastKnownFileType = sourcecode.swift; path = ViewController.swift; sourceTree = "<group>"; };
		039A460E1CF73D22007E0023 /* Base */ = {isa = PBXFileReference; lastKnownFileType = file.storyboard; name = Base; path = Base.lproj/Main.storyboard; sourceTree = "<group>"; };
		039A46101CF73D22007E0023 /* Assets.xcassets */ = {isa = PBXFileReference; lastKnownFileType = folder.assetcatalog; path = Assets.xcassets; sourceTree = "<group>"; };
		039A46131CF73D22007E0023 /* Base */ = {isa = PBXFileReference; lastKnownFileType = file.storyboard; name = Base; path = Base.lproj/LaunchScreen.storyboard; sourceTree = "<group>"; };
		039A46151CF73D22007E0023 /* Info.plist */ = {isa = PBXFileReference; lastKnownFileType = text.plist.xml; path = Info.plist; sourceTree = "<group>"; };
		039A461A1CF73D22007E0023 /* PopularToursTests.xctest */ = {isa = PBXFileReference; explicitFileType = wrapper.cfbundle; includeInIndex = 0; path = PopularToursTests.xctest; sourceTree = BUILT_PRODUCTS_DIR; };
		039A461E1CF73D22007E0023 /* PopularToursTests.swift */ = {isa = PBXFileReference; lastKnownFileType = sourcecode.swift; path = PopularToursTests.swift; sourceTree = "<group>"; };
		039A46201CF73D22007E0023 /* Info.plist */ = {isa = PBXFileReference; lastKnownFileType = text.plist.xml; path = Info.plist; sourceTree = "<group>"; };
/* End PBXFileReference section */

/* Begin PBXFrameworksBuildPhase section */
		039A46031CF73D22007E0023 /* Frameworks */ = {
			isa = PBXFrameworksBuildPhase;
			buildActionMask = 2147483647;
			files = (
			);
			runOnlyForDeploymentPostprocessing = 0;
		};
		039A46171CF73D22007E0023 /* Frameworks */ = {
			isa = PBXFrameworksBuildPhase;
			buildActionMask = 2147483647;
			files = (
			);
			runOnlyForDeploymentPostprocessing = 0;
		};
/* End PBXFrameworksBuildPhase section */

/* Begin PBXGroup section */
		039A45FD1CF73D22007E0023 = {
			isa = PBXGroup;
			children = (
				039A46081CF73D22007E0023 /* PopularTours */,
				039A461D1CF73D22007E0023 /* PopularToursTests */,
				039A46071CF73D22007E0023 /* Products */,
			);
			sourceTree = "<group>";
		};
		039A46071CF73D22007E0023 /* Products */ = {
			isa = PBXGroup;
			children = (
				039A46061CF73D22007E0023 /* PopularTours.app */,
				039A461A1CF73D22007E0023 /* PopularToursTests.xctest */,
			);
			name = Products;
			sourceTree = "<group>";
		};
		039A46081CF73D22007E0023 /* PopularTours */ = {
			isa = PBXGroup;
			children = (
				039A46091CF73D22007E0023 /* AppDelegate.swift */,
				039A460B1CF73D22007E0023 /* ViewController.swift */,
				039A460D1CF73D22007E0023 /* Main.storyboard */,
				039A46101CF73D22007E0023 /* Assets.xcassets */,
				039A46121CF73D22007E0023 /* LaunchScreen.storyboard */,
				039A46151CF73D22007E0023 /* Info.plist */,
			);
			path = PopularTours;
			sourceTree = "<group>";
		};
		039A461D1CF73D22007E0023 /* PopularToursTests */ = {
			isa = PBXGroup;
			children = (
				039A461E1CF73D22007E0023 /* PopularToursTests.swift */,
				039A46201CF73D22007E0023 /* Info.plist */,
			);
			path = PopularToursTests;
			sourceTree = "<group>";
		};
/* End PBXGroup section */

/* Begin PBXNativeTarget section */
		039A46051CF73D22007E0023 /* PopularTours */ = {
			isa = PBXNativeTarget;
			buildConfigurationList = 039A46231CF73D22007E0023 /* Build configuration list for PBXNativeTarget "PopularTours" */;
			buildPhases = (
				039A46021CF73D22007E0023 /* Sources */,
				039A46031CF73D22007E0023 /* Frameworks */,
				039A46041CF73D22007E0023 /* Resources */,
			);
			buildRules = (
			);
			dependencies = (
			);
			name = PopularTours;
			productName = PopularTours;
			productReference = 039A46061CF73D22007E0023 /* PopularTours.app */;
			productType = "com.apple.product-type.application";
		};
		039A46191CF73D22007E0023 /* PopularToursTests */ = {
			isa = PBXNativeTarget;
			buildConfigurationList = 039A46261CF73D22007E0023 /* Build configuration list for PBXNativeTarget "PopularToursTests" */;
			buildPhases = (
				039A46161CF73D22007E0023 /* Sources */,
				039A46171CF73D22007E0023 /* Frameworks */,
				039A46181CF73D22007E0023 /* Resources */,
			);
			buildRules = (
			);
			dependencies = (
				039A461C1CF73D22007E0023 /* PBXTargetDependency */,
			);
			name = PopularToursTests;
			productName = PopularToursTests;
			productReference = 039A461A1CF73D22007E0023 /* PopularToursTests.xctest */;
			productType = "com.apple.product-type.bundle.unit-test";
		};
/* End PBXNativeTarget section */

/* Begin PBXProject section */
		039A45FE1CF73D22007E0023 /* Project object */ = {
			isa = PBXProject;
			attributes = {
				LastSwiftUpdateCheck = 0730;
				LastUpgradeCheck = 0730;
				ORGANIZATIONNAME = m4rr;
				TargetAttributes = {
					039A46051CF73D22007E0023 = {
						CreatedOnToolsVersion = 7.3.1;
					};
					039A46191CF73D22007E0023 = {
						CreatedOnToolsVersion = 7.3.1;
						TestTargetID = 039A46051CF73D22007E0023;
					};
				};
			};
			buildConfigurationList = 039A46011CF73D22007E0023 /* Build configuration list for PBXProject "PopularTours" */;
			compatibilityVersion = "Xcode 3.2";
			developmentRegion = English;
			hasScannedForEncodings = 0;
			knownRegions = (
				en,
				Base,
			);
			mainGroup = 039A45FD1CF73D22007E0023;
			productRefGroup = 039A46071CF73D22007E0023 /* Products */;
			projectDirPath = "";
			projectRoot = "";
			targets = (
				039A46051CF73D22007E0023 /* PopularTours */,
				039A46191CF73D22007E0023 /* PopularToursTests */,
			);
		};
/* End PBXProject section */

/* Begin PBXResourcesBuildPhase section */
		039A46041CF73D22007E0023 /* Resources */ = {
			isa = PBXResourcesBuildPhase;
			buildActionMask = 2147483647;
			files = (
				039A46141CF73D22007E0023 /* LaunchScreen.storyboard in Resources */,
				039A46111CF73D22007E0023 /* Assets.xcassets in Resources */,
				039A460F1CF73D22007E0023 /* Main.storyboard in Resources */,
			);
			runOnlyForDeploymentPostprocessing = 0;
		};
		039A46181CF73D22007E0023 /* Resources */ = {
			isa = PBXResourcesBuildPhase;
			buildActionMask = 2147483647;
			files = (
			);
			runOnlyForDeploymentPostprocessing = 0;
		};
/* End PBXResourcesBuildPhase section */

/* Begin PBXSourcesBuildPhase section */
		039A46021CF73D22007E0023 /* Sources */ = {
			isa = PBXSourcesBuildPhase;
			buildActionMask = 2147483647;
			files = (
				039A460C1CF73D22007E0023 /* ViewController.swift in Sources */,
				039A460A1CF73D22007E0023 /* AppDelegate.swift in Sources */,
			);
			runOnlyForDeploymentPostprocessing = 0;
		};
		039A46161CF73D22007E0023 /* Sources */ = {
			isa = PBXSourcesBuildPhase;
			buildActionMask = 2147483647;
			files = (
				039A461F1CF73D22007E0023 /* PopularToursTests.swift in Sources */,
			);
			runOnlyForDeploymentPostprocessing = 0;
		};
/* End PBXSourcesBuildPhase section */

/* Begin PBXTargetDependency section */
		039A461C1CF73D22007E0023 /* PBXTargetDependency */ = {
			isa = PBXTargetDependency;
			target = 039A46051CF73D22007E0023 /* PopularTours */;
			targetProxy = 039A461B1CF73D22007E0023 /* PBXContainerItemProxy */;
		};
/* End PBXTargetDependency section */

/* Begin PBXVariantGroup section */
		039A460D1CF73D22007E0023 /* Main.storyboard */ = {
			isa = PBXVariantGroup;
			children = (
				039A460E1CF73D22007E0023 /* Base */,
			);
			name = Main.storyboard;
			sourceTree = "<group>";
		};
		039A46121CF73D22007E0023 /* LaunchScreen.storyboard */ = {
			isa = PBXVariantGroup;
			children = (
				039A46131CF73D22007E0023 /* Base */,
			);
			name = LaunchScreen.storyboard;
			sourceTree = "<group>";
		};
/* End PBXVariantGroup section */

/* Begin XCBuildConfiguration section */
		039A46211CF73D22007E0023 /* Debug */ = {
			isa = XCBuildConfiguration;
			buildSettings = {
				ALWAYS_SEARCH_USER_PATHS = NO;
				CLANG_ANALYZER_NONNULL = YES;
				CLANG_CXX_LANGUAGE_STANDARD = "gnu++0x";
				CLANG_CXX_LIBRARY = "libc++";
				CLANG_ENABLE_MODULES = YES;
				CLANG_ENABLE_OBJC_ARC = YES;
				CLANG_WARN_BOOL_CONVERSION = YES;
				CLANG_WARN_CONSTANT_CONVERSION = YES;
				CLANG_WARN_DIRECT_OBJC_ISA_USAGE = YES_ERROR;
				CLANG_WARN_EMPTY_BODY = YES;
				CLANG_WARN_ENUM_CONVERSION = YES;
				CLANG_WARN_INT_CONVERSION = YES;
				CLANG_WARN_OBJC_ROOT_CLASS = YES_ERROR;
				CLANG_WARN_UNREACHABLE_CODE = YES;
				CLANG_WARN__DUPLICATE_METHOD_MATCH = YES;
				"CODE_SIGN_IDENTITY[sdk=iphoneos*]" = "iPhone Developer";
				COPY_PHASE_STRIP = NO;
				DEBUG_INFORMATION_FORMAT = dwarf;
				ENABLE_STRICT_OBJC_MSGSEND = YES;
				ENABLE_TESTABILITY = YES;
				GCC_C_LANGUAGE_STANDARD = gnu99;
				GCC_DYNAMIC_NO_PIC = NO;
				GCC_NO_COMMON_BLOCKS = YES;
				GCC_OPTIMIZATION_LEVEL = 0;
				GCC_PREPROCESSOR_DEFINITIONS = (
					"DEBUG=1",
					"$(inherited)",
				);
				GCC_WARN_64_TO_32_BIT_CONVERSION = YES;
				GCC_WARN_ABOUT_RETURN_TYPE = YES_ERROR;
				GCC_WARN_UNDECLARED_SELECTOR = YES;
				GCC_WARN_UNINITIALIZED_AUTOS = YES_AGGRESSIVE;
				GCC_WARN_UNUSED_FUNCTION = YES;
				GCC_WARN_UNUSED_VARIABLE = YES;
				IPHONEOS_DEPLOYMENT_TARGET = 9.3;
				MTL_ENABLE_DEBUG_INFO = YES;
				ONLY_ACTIVE_ARCH = YES;
				SDKROOT = iphoneos;
				SWIFT_OPTIMIZATION_LEVEL = "-Onone";
			};
			name = Debug;
		};
		039A46221CF73D22007E0023 /* Release */ = {
			isa = XCBuildConfiguration;
			buildSettings = {
				ALWAYS_SEARCH_USER_PATHS = NO;
				CLANG_ANALYZER_NONNULL = YES;
				CLANG_CXX_LANGUAGE_STANDARD = "gnu++0x";
				CLANG_CXX_LIBRARY = "libc++";
				CLANG_ENABLE_MODULES = YES;
				CLANG_ENABLE_OBJC_ARC = YES;
				CLANG_WARN_BOOL_CONVERSION = YES;
				CLANG_WARN_CONSTANT_CONVERSION = YES;
				CLANG_WARN_DIRECT_OBJC_ISA_USAGE = YES_ERROR;
				CLANG_WARN_EMPTY_BODY = YES;
				CLANG_WARN_ENUM_CONVERSION = YES;
				CLANG_WARN_INT_CONVERSION = YES;
				CLANG_WARN_OBJC_ROOT_CLASS = YES_ERROR;
				CLANG_WARN_UNREACHABLE_CODE = YES;
				CLANG_WARN__DUPLICATE_METHOD_MATCH = YES;
				"CODE_SIGN_IDENTITY[sdk=iphoneos*]" = "iPhone Developer";
				COPY_PHASE_STRIP = NO;
				DEBUG_INFORMATION_FORMAT = "dwarf-with-dsym";
				ENABLE_NS_ASSERTIONS = NO;
				ENABLE_STRICT_OBJC_MSGSEND = YES;
				GCC_C_LANGUAGE_STANDARD = gnu99;
				GCC_NO_COMMON_BLOCKS = YES;
				GCC_WARN_64_TO_32_BIT_CONVERSION = YES;
				GCC_WARN_ABOUT_RETURN_TYPE = YES_ERROR;
				GCC_WARN_UNDECLARED_SELECTOR = YES;
				GCC_WARN_UNINITIALIZED_AUTOS = YES_AGGRESSIVE;
				GCC_WARN_UNUSED_FUNCTION = YES;
				GCC_WARN_UNUSED_VARIABLE = YES;
				IPHONEOS_DEPLOYMENT_TARGET = 9.3;
				MTL_ENABLE_DEBUG_INFO = NO;
				SDKROOT = iphoneos;
				VALIDATE_PRODUCT = YES;
			};
			name = Release;
		};
		039A46241CF73D22007E0023 /* Debug */ = {
			isa = XCBuildConfiguration;
			buildSettings = {
				ASSETCATALOG_COMPILER_APPICON_NAME = AppIcon;
				INFOPLIST_FILE = PopularTours/Info.plist;
				LD_RUNPATH_SEARCH_PATHS = "$(inherited) @executable_path/Frameworks";
				PRODUCT_BUNDLE_IDENTIFIER = com.m4rr.PopularTours;
				PRODUCT_NAME = "$(TARGET_NAME)";
			};
			name = Debug;
		};
		039A46251CF73D22007E0023 /* Release */ = {
			isa = XCBuildConfiguration;
			buildSettings = {
				ASSETCATALOG_COMPILER_APPICON_NAME = AppIcon;
				INFOPLIST_FILE = PopularTours/Info.plist;
				LD_RUNPATH_SEARCH_PATHS = "$(inherited) @executable_path/Frameworks";
				PRODUCT_BUNDLE_IDENTIFIER = com.m4rr.PopularTours;
				PRODUCT_NAME = "$(TARGET_NAME)";
			};
			name = Release;
		};
		039A46271CF73D22007E0023 /* Debug */ = {
			isa = XCBuildConfiguration;
			buildSettings = {
				BUNDLE_LOADER = "$(TEST_HOST)";
				INFOPLIST_FILE = PopularToursTests/Info.plist;
				LD_RUNPATH_SEARCH_PATHS = "$(inherited) @executable_path/Frameworks @loader_path/Frameworks";
				PRODUCT_BUNDLE_IDENTIFIER = com.m4rr.PopularToursTests;
				PRODUCT_NAME = "$(TARGET_NAME)";
				TEST_HOST = "$(BUILT_PRODUCTS_DIR)/PopularTours.app/PopularTours";
			};
			name = Debug;
		};
		039A46281CF73D22007E0023 /* Release */ = {
			isa = XCBuildConfiguration;
			buildSettings = {
				BUNDLE_LOADER = "$(TEST_HOST)";
				INFOPLIST_FILE = PopularToursTests/Info.plist;
				LD_RUNPATH_SEARCH_PATHS = "$(inherited) @executable_path/Frameworks @loader_path/Frameworks";
				PRODUCT_BUNDLE_IDENTIFIER = com.m4rr.PopularToursTests;
				PRODUCT_NAME = "$(TARGET_NAME)";
				TEST_HOST = "$(BUILT_PRODUCTS_DIR)/PopularTours.app/PopularTours";
			};
			name = Release;
		};
/* End XCBuildConfiguration section */

/* Begin XCConfigurationList section */
		039A46011CF73D22007E0023 /* Build configuration list for PBXProject "PopularTours" */ = {
			isa = XCConfigurationList;
			buildConfigurations = (
				039A46211CF73D22007E0023 /* Debug */,
				039A46221CF73D22007E0023 /* Release */,
			);
			defaultConfigurationIsVisible = 0;
			defaultConfigurationName = Release;
		};
		039A46231CF73D22007E0023 /* Build configuration list for PBXNativeTarget "PopularTours" */ = {
			isa = XCConfigurationList;
			buildConfigurations = (
				039A46241CF73D22007E0023 /* Debug */,
				039A46251CF73D22007E0023 /* Release */,
			);
			defaultConfigurationIsVisible = 0;
		};
		039A46261CF73D22007E0023 /* Build configuration list for PBXNativeTarget "PopularToursTests" */ = {
			isa = XCConfigurationList;
			buildConfigurations = (
				039A46271CF73D22007E0023 /* Debug */,
				039A46281CF73D22007E0023 /* Release */,
			);
			defaultConfigurationIsVisible = 0;
		};
/* End XCConfigurationList section */
	};
	rootObject = 039A45FE1CF73D22007E0023 /* Project object */;
}
